
Microsoft Visual Studio Solution File, Format Version 12.00
# Visual Studio 2012
Project("{FAE04EC0-301F-11D3-BF4B-00C04F79EFBC}") = "EloDataModel", "EloDataModel\EloDataModel.csproj", "{B924D519-A938-4DF5-9E60-A549D1CB6A1C}"
EndProject
Project("{FAE04EC0-301F-11D3-BF4B-00C04F79EFBC}") = "EloSite", "EloSite\EloSite.csproj", "{9EB8E6AE-962C-4066-8BFF-2E9B3F1158EC}"
EndProject
Global
	GlobalSection(SolutionConfigurationPlatforms) = preSolution
		Debug|Any CPU = Debug|Any CPU
		Release|Any CPU = Release|Any CPU
	EndGlobalSection
	GlobalSection(ProjectConfigurationPlatforms) = postSolution
		{B924D519-A938-4DF5-9E60-A549D1CB6A1C}.Debug|Any CPU.ActiveCfg = Debug|Any CPU
		{B924D519-A938-4DF5-9E60-A549D1CB6A1C}.Debug|Any CPU.Build.0 = Debug|Any CPU
		{B924D519-A938-4DF5-9E60-A549D1CB6A1C}.Release|Any CPU.ActiveCfg = Release|Any CPU
		{B924D519-A938-4DF5-9E60-A549D1CB6A1C}.Release|Any CPU.Build.0 = Release|Any CPU
		{9EB8E6AE-962C-4066-8BFF-2E9B3F1158EC}.Debug|Any CPU.ActiveCfg = Debug|Any CPU
		{9EB8E6AE-962C-4066-8BFF-2E9B3F1158EC}.Debug|Any CPU.Build.0 = Debug|Any CPU
		{9EB8E6AE-962C-4066-8BFF-2E9B3F1158EC}.Release|Any CPU.ActiveCfg = Release|Any CPU
		{9EB8E6AE-962C-4066-8BFF-2E9B3F1158EC}.Release|Any CPU.Build.0 = Release|Any CPU
	EndGlobalSection
	GlobalSection(SolutionProperties) = preSolution
		HideSolutionNode = FALSE
	EndGlobalSection
EndGlobal
